
Microsoft Visual Studio Solution File, Format Version 12.00
# Visual Studio Version 17
VisualStudioVersion = 17.9.34714.143
MinimumVisualStudioVersion = 10.0.40219.1
Project("{9A19103F-16F7-4668-BE54-9A1E7A4F7556}") = "Leetcode.Solutions", "Leetcode.Solutions\Leetcode.Solutions.csproj", "{565B5C1A-96D2-4F4C-918A-2E89779EF390}"
EndProject
Global
	GlobalSection(SolutionConfigurationPlatforms) = preSolution
		Debug|Any CPU = Debug|Any CPU
		Release|Any CPU = Release|Any CPU
	EndGlobalSection
	GlobalSection(ProjectConfigurationPlatforms) = postSolution
		{565B5C1A-96D2-4F4C-918A-2E89779EF390}.Debug|Any CPU.ActiveCfg = Debug|Any CPU
		{565B5C1A-96D2-4F4C-918A-2E89779EF390}.Debug|Any CPU.Build.0 = Debug|Any CPU
		{565B5C1A-96D2-4F4C-918A-2E89779EF390}.Release|Any CPU.ActiveCfg = Release|Any CPU
		{565B5C1A-96D2-4F4C-918A-2E89779EF390}.Release|Any CPU.Build.0 = Release|Any CPU
	EndGlobalSection
	GlobalSection(SolutionProperties) = preSolution
		HideSolutionNode = FALSE
	EndGlobalSection
	GlobalSection(ExtensibilityGlobals) = postSolution
		SolutionGuid = {B934ABFC-62C3-4F83-A9EA-90850ED31A27}
	EndGlobalSection
EndGlobal
